
Microsoft Visual Studio Solution File, Format Version 12.00
# Visual Studio Version 17
VisualStudioVersion = 17.8.34330.188
MinimumVisualStudioVersion = 10.0.40219.1
Project("{FAE04EC0-301F-11D3-BF4B-00C04F79EFBC}") = "LoginForm", "LoginForm\LoginForm.csproj", "{F69A59E6-336F-49A2-A86A-3DF400BC19BD}"
EndProject
Global
	GlobalSection(SolutionConfigurationPlatforms) = preSolution
		Debug|Any CPU = Debug|Any CPU
		Release|Any CPU = Release|Any CPU
	EndGlobalSection
	GlobalSection(ProjectConfigurationPlatforms) = postSolution
		{F69A59E6-336F-49A2-A86A-3DF400BC19BD}.Debug|Any CPU.ActiveCfg = Debug|Any CPU
		{F69A59E6-336F-49A2-A86A-3DF400BC19BD}.Debug|Any CPU.Build.0 = Debug|Any CPU
		{F69A59E6-336F-49A2-A86A-3DF400BC19BD}.Release|Any CPU.ActiveCfg = Release|Any CPU
		{F69A59E6-336F-49A2-A86A-3DF400BC19BD}.Release|Any CPU.Build.0 = Release|Any CPU
	EndGlobalSection
	GlobalSection(SolutionProperties) = preSolution
		HideSolutionNode = FALSE
	EndGlobalSection
	GlobalSection(ExtensibilityGlobals) = postSolution
		SolutionGuid = {ADF9286D-4383-49B9-BF05-FFBF946CA26F}
	EndGlobalSection
EndGlobal
